
Microsoft Visual Studio Solution File, Format Version 12.00
# Visual Studio 14
VisualStudioVersion = 14.0.25123.0
MinimumVisualStudioVersion = 10.0.40219.1
Project("{FAE04EC0-301F-11D3-BF4B-00C04F79EFBC}") = "AI_Project", "Phase 1\AI_Project.csproj", "{31918EA4-F289-410E-96BA-8021C7A785CD}"
EndProject
Global
	GlobalSection(SolutionConfigurationPlatforms) = preSolution
		Debug|Any CPU = Debug|Any CPU
		Release|Any CPU = Release|Any CPU
	EndGlobalSection
	GlobalSection(ProjectConfigurationPlatforms) = postSolution
		{31918EA4-F289-410E-96BA-8021C7A785CD}.Debug|Any CPU.ActiveCfg = Debug|Any CPU
		{31918EA4-F289-410E-96BA-8021C7A785CD}.Debug|Any CPU.Build.0 = Debug|Any CPU
		{31918EA4-F289-410E-96BA-8021C7A785CD}.Release|Any CPU.ActiveCfg = Release|Any CPU
		{31918EA4-F289-410E-96BA-8021C7A785CD}.Release|Any CPU.Build.0 = Release|Any CPU
	EndGlobalSection
	GlobalSection(SolutionProperties) = preSolution
		HideSolutionNode = FALSE
	EndGlobalSection
EndGlobal
